// !$*UTF8*$!
{
	archiveVersion = 1;
	classes = {
	};
	objectVersion = 54;
	objects = {

/* Begin PBXBuildFile section */
		4D4E14D6273E83E400B64160 /* FriendsTableViewCell.swift in Sources */ = {isa = PBXBuildFile; fileRef = 4D4E14D5273E83E400B64160 /* FriendsTableViewCell.swift */; };
		4D4E14D8273E83FE00B64160 /* GroupsTableViewCell.swift in Sources */ = {isa = PBXBuildFile; fileRef = 4D4E14D7273E83FE00B64160 /* GroupsTableViewCell.swift */; };
		4D4E14DA273EAB8F00B64160 /* PhotoCollectionViewController.swift in Sources */ = {isa = PBXBuildFile; fileRef = 4D4E14D9273EAB8F00B64160 /* PhotoCollectionViewController.swift */; };
		4D4E14DC273EABA800B64160 /* PhotoCollectionViewCell.swift in Sources */ = {isa = PBXBuildFile; fileRef = 4D4E14DB273EABA800B64160 /* PhotoCollectionViewCell.swift */; };
		4D91F75D2743B40C004CEB17 /* AllGroupTableViewController.swift in Sources */ = {isa = PBXBuildFile; fileRef = 4D91F75C2743B40C004CEB17 /* AllGroupTableViewController.swift */; };
		4DA3A8E4273AEE92009ED493 /* GroupTableViewController.swift in Sources */ = {isa = PBXBuildFile; fileRef = 4DA3A8E3273AEE92009ED493 /* GroupTableViewController.swift */; };
		4DA3A8E7273AF25F009ED493 /* FriendsTableViewController.swift in Sources */ = {isa = PBXBuildFile; fileRef = 4DA3A8E6273AF25F009ED493 /* FriendsTableViewController.swift */; };
		4DE53F4C273270D300EF66BD /* AppDelegate.swift in Sources */ = {isa = PBXBuildFile; fileRef = 4DE53F4B273270D300EF66BD /* AppDelegate.swift */; };
		4DE53F4E273270D300EF66BD /* SceneDelegate.swift in Sources */ = {isa = PBXBuildFile; fileRef = 4DE53F4D273270D300EF66BD /* SceneDelegate.swift */; };
		4DE53F50273270D300EF66BD /* ViewController.swift in Sources */ = {isa = PBXBuildFile; fileRef = 4DE53F4F273270D300EF66BD /* ViewController.swift */; };
		4DE53F53273270D300EF66BD /* Main.storyboard in Resources */ = {isa = PBXBuildFile; fileRef = 4DE53F51273270D300EF66BD /* Main.storyboard */; };
		4DE53F55273270D500EF66BD /* Assets.xcassets in Resources */ = {isa = PBXBuildFile; fileRef = 4DE53F54273270D500EF66BD /* Assets.xcassets */; };
		4DE53F58273270D500EF66BD /* LaunchScreen.storyboard in Resources */ = {isa = PBXBuildFile; fileRef = 4DE53F56273270D500EF66BD /* LaunchScreen.storyboard */; };
		4DE53F61273276E200EF66BD /* LoginFormControllerViewController.swift in Sources */ = {isa = PBXBuildFile; fileRef = 4DE53F60273276E200EF66BD /* LoginFormControllerViewController.swift */; };
		4DF479AB2744F75700A74405 /* PhotoController.swift in Sources */ = {isa = PBXBuildFile; fileRef = 4DF479AA2744F75700A74405 /* PhotoController.swift */; };
/* End PBXBuildFile section */

/* Begin PBXFileReference section */
		4D4E14D5273E83E400B64160 /* FriendsTableViewCell.swift */ = {isa = PBXFileReference; lastKnownFileType = sourcecode.swift; path = FriendsTableViewCell.swift; sourceTree = "<group>"; };
		4D4E14D7273E83FE00B64160 /* GroupsTableViewCell.swift */ = {isa = PBXFileReference; lastKnownFileType = sourcecode.swift; path = GroupsTableViewCell.swift; sourceTree = "<group>"; };
		4D4E14D9273EAB8F00B64160 /* PhotoCollectionViewController.swift */ = {isa = PBXFileReference; lastKnownFileType = sourcecode.swift; path = PhotoCollectionViewController.swift; sourceTree = "<group>"; };
		4D4E14DB273EABA800B64160 /* PhotoCollectionViewCell.swift */ = {isa = PBXFileReference; lastKnownFileType = sourcecode.swift; path = PhotoCollectionViewCell.swift; sourceTree = "<group>"; };
		4D91F75C2743B40C004CEB17 /* AllGroupTableViewController.swift */ = {isa = PBXFileReference; lastKnownFileType = sourcecode.swift; path = AllGroupTableViewController.swift; sourceTree = "<group>"; };
		4DA3A8E3273AEE92009ED493 /* GroupTableViewController.swift */ = {isa = PBXFileReference; lastKnownFileType = sourcecode.swift; path = GroupTableViewController.swift; sourceTree = "<group>"; };
		4DA3A8E6273AF25F009ED493 /* FriendsTableViewController.swift */ = {isa = PBXFileReference; lastKnownFileType = sourcecode.swift; path = FriendsTableViewController.swift; sourceTree = "<group>"; };
		4DE53F48273270D300EF66BD /* UI_GB_Тивиков_Антон.app */ = {isa = PBXFileReference; explicitFileType = wrapper.application; includeInIndex = 0; path = "UI_GB_Тивиков_Антон.app"; sourceTree = BUILT_PRODUCTS_DIR; };
		4DE53F4B273270D300EF66BD /* AppDelegate.swift */ = {isa = PBXFileReference; lastKnownFileType = sourcecode.swift; path = AppDelegate.swift; sourceTree = "<group>"; };
		4DE53F4D273270D300EF66BD /* SceneDelegate.swift */ = {isa = PBXFileReference; lastKnownFileType = sourcecode.swift; path = SceneDelegate.swift; sourceTree = "<group>"; };
		4DE53F4F273270D300EF66BD /* ViewController.swift */ = {isa = PBXFileReference; lastKnownFileType = sourcecode.swift; path = ViewController.swift; sourceTree = "<group>"; };
		4DE53F52273270D300EF66BD /* Base */ = {isa = PBXFileReference; lastKnownFileType = file.storyboard; name = Base; path = Base.lproj/Main.storyboard; sourceTree = "<group>"; };
		4DE53F54273270D500EF66BD /* Assets.xcassets */ = {isa = PBXFileReference; lastKnownFileType = folder.assetcatalog; path = Assets.xcassets; sourceTree = "<group>"; };
		4DE53F57273270D500EF66BD /* Base */ = {isa = PBXFileReference; lastKnownFileType = file.storyboard; name = Base; path = Base.lproj/LaunchScreen.storyboard; sourceTree = "<group>"; };
		4DE53F59273270D500EF66BD /* Info.plist */ = {isa = PBXFileReference; lastKnownFileType = text.plist.xml; path = Info.plist; sourceTree = "<group>"; };
		4DE53F5F2732731400EF66BD /* ToDoList.md */ = {isa = PBXFileReference; lastKnownFileType = net.daringfireball.markdown; path = ToDoList.md; sourceTree = "<group>"; };
		4DE53F60273276E200EF66BD /* LoginFormControllerViewController.swift */ = {isa = PBXFileReference; lastKnownFileType = sourcecode.swift; path = LoginFormControllerViewController.swift; sourceTree = "<group>"; };
		4DF479AA2744F75700A74405 /* PhotoController.swift */ = {isa = PBXFileReference; lastKnownFileType = sourcecode.swift; path = PhotoController.swift; sourceTree = "<group>"; };
/* End PBXFileReference section */

/* Begin PBXFrameworksBuildPhase section */
		4DE53F45273270D300EF66BD /* Frameworks */ = {
			isa = PBXFrameworksBuildPhase;
			buildActionMask = 2147483647;
			files = (
			);
			runOnlyForDeploymentPostprocessing = 0;
		};
/* End PBXFrameworksBuildPhase section */

/* Begin PBXGroup section */
		4D4E14D4273E645500B64160 /* Model */ = {
			isa = PBXGroup;
			children = (
			);
			path = Model;
			sourceTree = "<group>";
		};
		4D91F7592743B035004CEB17 /* Groups */ = {
			isa = PBXGroup;
			children = (
				4D4E14D7273E83FE00B64160 /* GroupsTableViewCell.swift */,
				4DA3A8E3273AEE92009ED493 /* GroupTableViewController.swift */,
				4D91F75C2743B40C004CEB17 /* AllGroupTableViewController.swift */,
			);
			path = Groups;
			sourceTree = "<group>";
		};
		4D91F75A2743B04E004CEB17 /* Friends */ = {
			isa = PBXGroup;
			children = (
				4DA3A8E6273AF25F009ED493 /* FriendsTableViewController.swift */,
				4D4E14D5273E83E400B64160 /* FriendsTableViewCell.swift */,
			);
			path = Friends;
			sourceTree = "<group>";
		};
		4D91F75B2743B07A004CEB17 /* Photos */ = {
			isa = PBXGroup;
			children = (
				4D4E14DB273EABA800B64160 /* PhotoCollectionViewCell.swift */,
				4D4E14D9273EAB8F00B64160 /* PhotoCollectionViewController.swift */,
				4DF479AA2744F75700A74405 /* PhotoController.swift */,
			);
			path = Photos;
			sourceTree = "<group>";
		};
		4DA3A8E5273AF1F8009ED493 /* Controllers */ = {
			isa = PBXGroup;
			children = (
				4DE53F60273276E200EF66BD /* LoginFormControllerViewController.swift */,
				4D91F75A2743B04E004CEB17 /* Friends */,
				4D91F7592743B035004CEB17 /* Groups */,
				4D91F75B2743B07A004CEB17 /* Photos */,
			);
			path = Controllers;
			sourceTree = "<group>";
		};
		4DE53F3F273270D300EF66BD = {
			isa = PBXGroup;
			children = (
				4DE53F5F2732731400EF66BD /* ToDoList.md */,
				4DE53F4A273270D300EF66BD /* UI_GB_Тивиков_Антон */,
				4DE53F49273270D300EF66BD /* Products */,
			);
			sourceTree = "<group>";
		};
		4DE53F49273270D300EF66BD /* Products */ = {
			isa = PBXGroup;
			children = (
				4DE53F48273270D300EF66BD /* UI_GB_Тивиков_Антон.app */,
			);
			name = Products;
			sourceTree = "<group>";
		};
		4DE53F4A273270D300EF66BD /* UI_GB_Тивиков_Антон */ = {
			isa = PBXGroup;
			children = (
				4D4E14D4273E645500B64160 /* Model */,
				4DA3A8E5273AF1F8009ED493 /* Controllers */,
				4DE53F4B273270D300EF66BD /* AppDelegate.swift */,
				4DE53F4D273270D300EF66BD /* SceneDelegate.swift */,
				4DE53F4F273270D300EF66BD /* ViewController.swift */,
				4DE53F51273270D300EF66BD /* Main.storyboard */,
				4DE53F54273270D500EF66BD /* Assets.xcassets */,
				4DE53F56273270D500EF66BD /* LaunchScreen.storyboard */,
				4DE53F59273270D500EF66BD /* Info.plist */,
			);
			path = "UI_GB_Тивиков_Антон";
			sourceTree = "<group>";
		};
/* End PBXGroup section */

/* Begin PBXNativeTarget section */
		4DE53F47273270D300EF66BD /* UI_GB_Тивиков_Антон */ = {
			isa = PBXNativeTarget;
			buildConfigurationList = 4DE53F5C273270D500EF66BD /* Build configuration list for PBXNativeTarget "UI_GB_Тивиков_Антон" */;
			buildPhases = (
				4DE53F44273270D300EF66BD /* Sources */,
				4DE53F45273270D300EF66BD /* Frameworks */,
				4DE53F46273270D300EF66BD /* Resources */,
			);
			buildRules = (
			);
			dependencies = (
			);
			name = "UI_GB_Тивиков_Антон";
			productName = "UI_GB_Тивиков_Антон";
			productReference = 4DE53F48273270D300EF66BD /* UI_GB_Тивиков_Антон.app */;
			productType = "com.apple.product-type.application";
		};
/* End PBXNativeTarget section */

/* Begin PBXProject section */
		4DE53F40273270D300EF66BD /* Project object */ = {
			isa = PBXProject;
			attributes = {
				BuildIndependentTargetsInParallel = 1;
				LastSwiftUpdateCheck = 1300;
				LastUpgradeCheck = 1300;
				TargetAttributes = {
					4DE53F47273270D300EF66BD = {
						CreatedOnToolsVersion = 13.0;
					};
				};
			};
			buildConfigurationList = 4DE53F43273270D300EF66BD /* Build configuration list for PBXProject "UI_GB_Тивиков_Антон" */;
			compatibilityVersion = "Xcode 12.0";
			developmentRegion = en;
			hasScannedForEncodings = 0;
			knownRegions = (
				en,
				Base,
			);
			mainGroup = 4DE53F3F273270D300EF66BD;
			productRefGroup = 4DE53F49273270D300EF66BD /* Products */;
			projectDirPath = "";
			projectRoot = "";
			targets = (
				4DE53F47273270D300EF66BD /* UI_GB_Тивиков_Антон */,
			);
		};
/* End PBXProject section */

/* Begin PBXResourcesBuildPhase section */
		4DE53F46273270D300EF66BD /* Resources */ = {
			isa = PBXResourcesBuildPhase;
			buildActionMask = 2147483647;
			files = (
				4DE53F58273270D500EF66BD /* LaunchScreen.storyboard in Resources */,
				4DE53F55273270D500EF66BD /* Assets.xcassets in Resources */,
				4DE53F53273270D300EF66BD /* Main.storyboard in Resources */,
			);
			runOnlyForDeploymentPostprocessing = 0;
		};
/* End PBXResourcesBuildPhase section */

/* Begin PBXSourcesBuildPhase section */
		4DE53F44273270D300EF66BD /* Sources */ = {
			isa = PBXSourcesBuildPhase;
			buildActionMask = 2147483647;
			files = (
				4DE53F50273270D300EF66BD /* ViewController.swift in Sources */,
				4D4E14DC273EABA800B64160 /* PhotoCollectionViewCell.swift in Sources */,
				4DA3A8E4273AEE92009ED493 /* GroupTableViewController.swift in Sources */,
				4DA3A8E7273AF25F009ED493 /* FriendsTableViewController.swift in Sources */,
				4D4E14D6273E83E400B64160 /* FriendsTableViewCell.swift in Sources */,
				4D4E14DA273EAB8F00B64160 /* PhotoCollectionViewController.swift in Sources */,
				4DF479AB2744F75700A74405 /* PhotoController.swift in Sources */,
				4DE53F4C273270D300EF66BD /* AppDelegate.swift in Sources */,
				4DE53F61273276E200EF66BD /* LoginFormControllerViewController.swift in Sources */,
				4DE53F4E273270D300EF66BD /* SceneDelegate.swift in Sources */,
				4D4E14D8273E83FE00B64160 /* GroupsTableViewCell.swift in Sources */,
				4D91F75D2743B40C004CEB17 /* AllGroupTableViewController.swift in Sources */,
			);
			runOnlyForDeploymentPostprocessing = 0;
		};
/* End PBXSourcesBuildPhase section */

/* Begin PBXVariantGroup section */
		4DE53F51273270D300EF66BD /* Main.storyboard */ = {
			isa = PBXVariantGroup;
			children = (
				4DE53F52273270D300EF66BD /* Base */,
			);
			name = Main.storyboard;
			sourceTree = "<group>";
		};
		4DE53F56273270D500EF66BD /* LaunchScreen.storyboard */ = {
			isa = PBXVariantGroup;
			children = (
				4DE53F57273270D500EF66BD /* Base */,
			);
			name = LaunchScreen.storyboard;
			sourceTree = "<group>";
		};
/* End PBXVariantGroup section */

/* Begin XCBuildConfiguration section */
		4DE53F5A273270D500EF66BD /* Debug */ = {
			isa = XCBuildConfiguration;
			buildSettings = {
				ALWAYS_SEARCH_USER_PATHS = NO;
				CLANG_ANALYZER_NONNULL = YES;
				CLANG_ANALYZER_NUMBER_OBJECT_CONVERSION = YES_AGGRESSIVE;
				CLANG_CXX_LANGUAGE_STANDARD = "gnu++17";
				CLANG_CXX_LIBRARY = "libc++";
				CLANG_ENABLE_MODULES = YES;
				CLANG_ENABLE_OBJC_ARC = YES;
				CLANG_ENABLE_OBJC_WEAK = YES;
				CLANG_WARN_BLOCK_CAPTURE_AUTORELEASING = YES;
				CLANG_WARN_BOOL_CONVERSION = YES;
				CLANG_WARN_COMMA = YES;
				CLANG_WARN_CONSTANT_CONVERSION = YES;
				CLANG_WARN_DEPRECATED_OBJC_IMPLEMENTATIONS = YES;
				CLANG_WARN_DIRECT_OBJC_ISA_USAGE = YES_ERROR;
				CLANG_WARN_DOCUMENTATION_COMMENTS = YES;
				CLANG_WARN_EMPTY_BODY = YES;
				CLANG_WARN_ENUM_CONVERSION = YES;
				CLANG_WARN_INFINITE_RECURSION = YES;
				CLANG_WARN_INT_CONVERSION = YES;
				CLANG_WARN_NON_LITERAL_NULL_CONVERSION = YES;
				CLANG_WARN_OBJC_IMPLICIT_RETAIN_SELF = YES;
				CLANG_WARN_OBJC_LITERAL_CONVERSION = YES;
				CLANG_WARN_OBJC_ROOT_CLASS = YES_ERROR;
				CLANG_WARN_QUOTED_INCLUDE_IN_FRAMEWORK_HEADER = YES;
				CLANG_WARN_RANGE_LOOP_ANALYSIS = YES;
				CLANG_WARN_STRICT_PROTOTYPES = YES;
				CLANG_WARN_SUSPICIOUS_MOVE = YES;
				CLANG_WARN_UNGUARDED_AVAILABILITY = YES_AGGRESSIVE;
				CLANG_WARN_UNREACHABLE_CODE = YES;
				CLANG_WARN__DUPLICATE_METHOD_MATCH = YES;
				COPY_PHASE_STRIP = NO;
				DEBUG_INFORMATION_FORMAT = dwarf;
				ENABLE_STRICT_OBJC_MSGSEND = YES;
				ENABLE_TESTABILITY = YES;
				GCC_C_LANGUAGE_STANDARD = gnu11;
				GCC_DYNAMIC_NO_PIC = NO;
				GCC_NO_COMMON_BLOCKS = YES;
				GCC_OPTIMIZATION_LEVEL = 0;
				GCC_PREPROCESSOR_DEFINITIONS = (
					"DEBUG=1",
					"$(inherited)",
				);
				GCC_WARN_64_TO_32_BIT_CONVERSION = YES;
				GCC_WARN_ABOUT_RETURN_TYPE = YES_ERROR;
				GCC_WARN_UNDECLARED_SELECTOR = YES;
				GCC_WARN_UNINITIALIZED_AUTOS = YES_AGGRESSIVE;
				GCC_WARN_UNUSED_FUNCTION = YES;
				GCC_WARN_UNUSED_VARIABLE = YES;
				IPHONEOS_DEPLOYMENT_TARGET = 15.0;
				MTL_ENABLE_DEBUG_INFO = INCLUDE_SOURCE;
				MTL_FAST_MATH = YES;
				ONLY_ACTIVE_ARCH = YES;
				SDKROOT = iphoneos;
				SWIFT_ACTIVE_COMPILATION_CONDITIONS = DEBUG;
				SWIFT_OPTIMIZATION_LEVEL = "-Onone";
			};
			name = Debug;
		};
		4DE53F5B273270D500EF66BD /* Release */ = {
			isa = XCBuildConfiguration;
			buildSettings = {
				ALWAYS_SEARCH_USER_PATHS = NO;
				CLANG_ANALYZER_NONNULL = YES;
				CLANG_ANALYZER_NUMBER_OBJECT_CONVERSION = YES_AGGRESSIVE;
				CLANG_CXX_LANGUAGE_STANDARD = "gnu++17";
				CLANG_CXX_LIBRARY = "libc++";
				CLANG_ENABLE_MODULES = YES;
				CLANG_ENABLE_OBJC_ARC = YES;
				CLANG_ENABLE_OBJC_WEAK = YES;
				CLANG_WARN_BLOCK_CAPTURE_AUTORELEASING = YES;
				CLANG_WARN_BOOL_CONVERSION = YES;
				CLANG_WARN_COMMA = YES;
				CLANG_WARN_CONSTANT_CONVERSION = YES;
				CLANG_WARN_DEPRECATED_OBJC_IMPLEMENTATIONS = YES;
				CLANG_WARN_DIRECT_OBJC_ISA_USAGE = YES_ERROR;
				CLANG_WARN_DOCUMENTATION_COMMENTS = YES;
				CLANG_WARN_EMPTY_BODY = YES;
				CLANG_WARN_ENUM_CONVERSION = YES;
				CLANG_WARN_INFINITE_RECURSION = YES;
				CLANG_WARN_INT_CONVERSION = YES;
				CLANG_WARN_NON_LITERAL_NULL_CONVERSION = YES;
				CLANG_WARN_OBJC_IMPLICIT_RETAIN_SELF = YES;
				CLANG_WARN_OBJC_LITERAL_CONVERSION = YES;
				CLANG_WARN_OBJC_ROOT_CLASS = YES_ERROR;
				CLANG_WARN_QUOTED_INCLUDE_IN_FRAMEWORK_HEADER = YES;
				CLANG_WARN_RANGE_LOOP_ANALYSIS = YES;
				CLANG_WARN_STRICT_PROTOTYPES = YES;
				CLANG_WARN_SUSPICIOUS_MOVE = YES;
				CLANG_WARN_UNGUARDED_AVAILABILITY = YES_AGGRESSIVE;
				CLANG_WARN_UNREACHABLE_CODE = YES;
				CLANG_WARN__DUPLICATE_METHOD_MATCH = YES;
				COPY_PHASE_STRIP = NO;
				DEBUG_INFORMATION_FORMAT = "dwarf-with-dsym";
				ENABLE_NS_ASSERTIONS = NO;
				ENABLE_STRICT_OBJC_MSGSEND = YES;
				GCC_C_LANGUAGE_STANDARD = gnu11;
				GCC_NO_COMMON_BLOCKS = YES;
				GCC_WARN_64_TO_32_BIT_CONVERSION = YES;
				GCC_WARN_ABOUT_RETURN_TYPE = YES_ERROR;
				GCC_WARN_UNDECLARED_SELECTOR = YES;
				GCC_WARN_UNINITIALIZED_AUTOS = YES_AGGRESSIVE;
				GCC_WARN_UNUSED_FUNCTION = YES;
				GCC_WARN_UNUSED_VARIABLE = YES;
				IPHONEOS_DEPLOYMENT_TARGET = 15.0;
				MTL_ENABLE_DEBUG_INFO = NO;
				MTL_FAST_MATH = YES;
				SDKROOT = iphoneos;
				SWIFT_COMPILATION_MODE = wholemodule;
				SWIFT_OPTIMIZATION_LEVEL = "-O";
				VALIDATE_PRODUCT = YES;
			};
			name = Release;
		};
		4DE53F5D273270D500EF66BD /* Debug */ = {
			isa = XCBuildConfiguration;
			buildSettings = {
				ASSETCATALOG_COMPILER_APPICON_NAME = AppIcon;
				ASSETCATALOG_COMPILER_GLOBAL_ACCENT_COLOR_NAME = AccentColor;
				CODE_SIGN_STYLE = Automatic;
				CURRENT_PROJECT_VERSION = 1;
				DEVELOPMENT_TEAM = 79DGGJ6L6Z;
				GENERATE_INFOPLIST_FILE = YES;
				INFOPLIST_FILE = "UI_GB_Тивиков_Антон/Info.plist";
				INFOPLIST_KEY_UIApplicationSupportsIndirectInputEvents = YES;
				INFOPLIST_KEY_UILaunchStoryboardName = LaunchScreen;
				INFOPLIST_KEY_UIMainStoryboardFile = Main;
				INFOPLIST_KEY_UISupportedInterfaceOrientations_iPad = "UIInterfaceOrientationPortrait UIInterfaceOrientationPortraitUpsideDown UIInterfaceOrientationLandscapeLeft UIInterfaceOrientationLandscapeRight";
				INFOPLIST_KEY_UISupportedInterfaceOrientations_iPhone = "UIInterfaceOrientationPortrait UIInterfaceOrientationLandscapeLeft UIInterfaceOrientationLandscapeRight";
				LD_RUNPATH_SEARCH_PATHS = (
					"$(inherited)",
					"@executable_path/Frameworks",
				);
				MARKETING_VERSION = 1.0;
				PRODUCT_BUNDLE_IDENTIFIER = "com.anton-tivikov.UI-GB--------------";
				PRODUCT_NAME = "$(TARGET_NAME)";
				SWIFT_EMIT_LOC_STRINGS = YES;
				SWIFT_VERSION = 5.0;
				TARGETED_DEVICE_FAMILY = "1,2";
			};
			name = Debug;
		};
		4DE53F5E273270D500EF66BD /* Release */ = {
			isa = XCBuildConfiguration;
			buildSettings = {
				ASSETCATALOG_COMPILER_APPICON_NAME = AppIcon;
				ASSETCATALOG_COMPILER_GLOBAL_ACCENT_COLOR_NAME = AccentColor;
				CODE_SIGN_STYLE = Automatic;
				CURRENT_PROJECT_VERSION = 1;
				DEVELOPMENT_TEAM = 79DGGJ6L6Z;
				GENERATE_INFOPLIST_FILE = YES;
				INFOPLIST_FILE = "UI_GB_Тивиков_Антон/Info.plist";
				INFOPLIST_KEY_UIApplicationSupportsIndirectInputEvents = YES;
				INFOPLIST_KEY_UILaunchStoryboardName = LaunchScreen;
				INFOPLIST_KEY_UIMainStoryboardFile = Main;
				INFOPLIST_KEY_UISupportedInterfaceOrientations_iPad = "UIInterfaceOrientationPortrait UIInterfaceOrientationPortraitUpsideDown UIInterfaceOrientationLandscapeLeft UIInterfaceOrientationLandscapeRight";
				INFOPLIST_KEY_UISupportedInterfaceOrientations_iPhone = "UIInterfaceOrientationPortrait UIInterfaceOrientationLandscapeLeft UIInterfaceOrientationLandscapeRight";
				LD_RUNPATH_SEARCH_PATHS = (
					"$(inherited)",
					"@executable_path/Frameworks",
				);
				MARKETING_VERSION = 1.0;
				PRODUCT_BUNDLE_IDENTIFIER = "com.anton-tivikov.UI-GB--------------";
				PRODUCT_NAME = "$(TARGET_NAME)";
				SWIFT_EMIT_LOC_STRINGS = YES;
				SWIFT_VERSION = 5.0;
				TARGETED_DEVICE_FAMILY = "1,2";
			};
			name = Release;
		};
/* End XCBuildConfiguration section */

/* Begin XCConfigurationList section */
		4DE53F43273270D300EF66BD /* Build configuration list for PBXProject "UI_GB_Тивиков_Антон" */ = {
			isa = XCConfigurationList;
			buildConfigurations = (
				4DE53F5A273270D500EF66BD /* Debug */,
				4DE53F5B273270D500EF66BD /* Release */,
			);
			defaultConfigurationIsVisible = 0;
			defaultConfigurationName = Release;
		};
		4DE53F5C273270D500EF66BD /* Build configuration list for PBXNativeTarget "UI_GB_Тивиков_Антон" */ = {
			isa = XCConfigurationList;
			buildConfigurations = (
				4DE53F5D273270D500EF66BD /* Debug */,
				4DE53F5E273270D500EF66BD /* Release */,
			);
			defaultConfigurationIsVisible = 0;
			defaultConfigurationName = Release;
		};
/* End XCConfigurationList section */
	};
	rootObject = 4DE53F40273270D300EF66BD /* Project object */;
}
